{
  "lockfileVersion": 1,
  "configVersion": 1,
  "workspaces": {
    "": {
      "name": "opencode-swarm",
      "dependencies": {
        "@opencode-ai/plugin": "^1.1.53",
        "@opencode-ai/sdk": "^1.1.53",
        "@vscode/tree-sitter-wasm": "^0.3.0",
        "p-limit": "^7.3.0",
        "picomatch": "^4.0.4",
        "proper-lockfile": "^4.1.2",
        "quick-lru": "^7.3.0",
        "web-tree-sitter": "^0.25.0",
        "zod": "^4.1.8",
      },
      "devDependencies": {
        "@biomejs/biome": "2.3.14",
        "@types/picomatch": "^4.0.3",
        "bun-types": "1.3.8",
        "js-yaml": "^4.1.1",
        "typescript": "^5.7.3",
      },
    },
  },
  "packages": {
    "@biomejs/biome": ["@biomejs/biome@2.3.14", "", { "optionalDependencies": { "@biomejs/cli-darwin-arm64": "2.3.14", "@biomejs/cli-darwin-x64": "2.3.14", "@biomejs/cli-linux-arm64": "2.3.14", "@biomejs/cli-linux-arm64-musl": "2.3.14", "@biomejs/cli-linux-x64": "2.3.14", "@biomejs/cli-linux-x64-musl": "2.3.14", "@biomejs/cli-win32-arm64": "2.3.14", "@biomejs/cli-win32-x64": "2.3.14" }, "bin": { "biome": "bin/biome" } }, "sha512-QMT6QviX0WqXJCaiqVMiBUCr5WRQ1iFSjvOLoTk6auKukJMvnMzWucXpwZB0e8F00/1/BsS9DzcKgWH+CLqVuA=="],

    "@biomejs/cli-darwin-arm64": ["@biomejs/cli-darwin-arm64@2.3.14", "", { "os": "darwin", "cpu": "arm64" }, "sha512-UJGPpvWJMkLxSRtpCAKfKh41Q4JJXisvxZL8ChN1eNW3m/WlPFJ6EFDCE7YfUb4XS8ZFi3C1dFpxUJ0Ety5n+A=="],

    "@biomejs/cli-darwin-x64": ["@biomejs/cli-darwin-x64@2.3.14", "", { "os": "darwin", "cpu": "x64" }, "sha512-PNkLNQG6RLo8lG7QoWe/hhnMxJIt1tEimoXpGQjwS/dkdNiKBLPv4RpeQl8o3s1OKI3ZOR5XPiYtmbGGHAOnLA=="],

    "@biomejs/cli-linux-arm64": ["@biomejs/cli-linux-arm64@2.3.14", "", { "os": "linux", "cpu": "arm64" }, "sha512-KT67FKfzIw6DNnUNdYlBg+eU24Go3n75GWK6NwU4+yJmDYFe9i/MjiI+U/iEzKvo0g7G7MZqoyrhIYuND2w8QQ=="],

    "@biomejs/cli-linux-arm64-musl": ["@biomejs/cli-linux-arm64-musl@2.3.14", "", { "os": "linux", "cpu": "arm64" }, "sha512-LInRbXhYujtL3sH2TMCH/UBwJZsoGwfQjBrMfl84CD4hL/41C/EU5mldqf1yoFpsI0iPWuU83U+nB2TUUypWeg=="],

    "@biomejs/cli-linux-x64": ["@biomejs/cli-linux-x64@2.3.14", "", { "os": "linux", "cpu": "x64" }, "sha512-ZsZzQsl9U+wxFrGGS4f6UxREUlgHwmEfu1IrXlgNFrNnd5Th6lIJr8KmSzu/+meSa9f4rzFrbEW9LBBA6ScoMA=="],

    "@biomejs/cli-linux-x64-musl": ["@biomejs/cli-linux-x64-musl@2.3.14", "", { "os": "linux", "cpu": "x64" }, "sha512-KQU7EkbBBuHPW3/rAcoiVmhlPtDSGOGRPv9js7qJVpYTzjQmVR+C9Rfcz+ti8YCH+zT1J52tuBybtP4IodjxZQ=="],

    "@biomejs/cli-win32-arm64": ["@biomejs/cli-win32-arm64@2.3.14", "", { "os": "win32", "cpu": "arm64" }, "sha512-+IKYkj/pUBbnRf1G1+RlyA3LWiDgra1xpS7H2g4BuOzzRbRB+hmlw0yFsLprHhbbt7jUzbzAbAjK/Pn0FDnh1A=="],

    "@biomejs/cli-win32-x64": ["@biomejs/cli-win32-x64@2.3.14", "", { "os": "win32", "cpu": "x64" }, "sha512-oizCjdyQ3WJEswpb3Chdngeat56rIdSYK12JI3iI11Mt5T5EXcZ7WLuowzEaFPNJ3zmOQFliMN8QY1Pi+qsfdQ=="],

    "@opencode-ai/plugin": ["@opencode-ai/plugin@1.1.53", "", { "dependencies": { "@opencode-ai/sdk": "1.1.53", "zod": "4.1.8" } }, "sha512-9ye7Wz2kESgt02AUDaMea4hXxj6XhWwKAG8NwFhrw09Ux54bGaMJFt1eIS8QQGIMaD+Lp11X4QdyEg96etEBJw=="],

    "@opencode-ai/sdk": ["@opencode-ai/sdk@1.1.53", "", {}, "sha512-RUIVnPOP1CyyU32FrOOYuE7Ge51lOBuhaFp2NSX98ncApT7ffoNetmwzqrhOiJQgZB1KrbCHLYOCK6AZfacxag=="],

    "@types/node": ["@types/node@25.2.0", "", { "dependencies": { "undici-types": "~7.16.0" } }, "sha512-DZ8VwRFUNzuqJ5khrvwMXHmvPe+zGayJhr2CDNiKB1WBE1ST8Djl00D0IC4vvNmHMdj6DlbYRIaFE7WHjlDl5w=="],

    "@types/picomatch": ["@types/picomatch@4.0.3", "", {}, "sha512-iG0T6+nYJ9FAPmx9SsUlnwcq1ZVRuCXcVEvWnntoPlrOpwtSTKNDC9uVAxTsC3PUvJ+99n4RpAcNgBbHX3JSnQ=="],

    "@vscode/tree-sitter-wasm": ["@vscode/tree-sitter-wasm@0.3.0", "", {}, "sha512-4kjB1jgLyG9VimGfyJb1F8/GFdrx55atsBCH/9r2D/iZHAUDCvZ5zhWXB7sRQ2z2WkkuNYm/0pgQtUm1jhdf7A=="],

    "argparse": ["argparse@2.0.1", "", {}, "sha512-8+9WqebbFzpX9OR+Wa6O29asIogeRMzcGtAINdpMHHyAg10f05aSFVBbcEqGf/PXw1EjAZ+q2/bEBg3DvurK3Q=="],

    "bun-types": ["bun-types@1.3.8", "", { "dependencies": { "@types/node": "*" } }, "sha512-fL99nxdOWvV4LqjmC+8Q9kW3M4QTtTR1eePs94v5ctGqU8OeceWrSUaRw3JYb7tU3FkMIAjkueehrHPPPGKi5Q=="],

    "graceful-fs": ["graceful-fs@4.2.11", "", {}, "sha512-RbJ5/jmFcNNCcDV5o9eTnBLJ/HszWV0P73bc+Ff4nS/rJj+YaS6IGyiOL0VoBYX+l1Wrl3k63h/KrH+nhJ0XvQ=="],

    "js-yaml": ["js-yaml@4.1.1", "", { "dependencies": { "argparse": "^2.0.1" }, "bin": { "js-yaml": "bin/js-yaml.js" } }, "sha512-qQKT4zQxXl8lLwBtHMWwaTcGfFOZviOJet3Oy/xmGk2gZH677CJM9EvtfdSkgWcATZhj/55JZ0rmy3myCT5lsA=="],

    "p-limit": ["p-limit@7.3.0", "", { "dependencies": { "yocto-queue": "^1.2.1" } }, "sha512-7cIXg/Z0M5WZRblrsOla88S4wAK+zOQQWeBYfV3qJuJXMr+LnbYjaadrFaS0JILfEDPVqHyKnZ1Z/1d6J9VVUw=="],

    "picomatch": ["picomatch@4.0.4", "", {}, "sha512-QP88BAKvMam/3NxH6vj2o21R6MjxZUAd6nlwAS/pnGvN9IVLocLHxGYIzFhg6fUQ+5th6P4dv4eW9jX3DSIj7A=="],

    "proper-lockfile": ["proper-lockfile@4.1.2", "", { "dependencies": { "graceful-fs": "^4.2.4", "retry": "^0.12.0", "signal-exit": "^3.0.2" } }, "sha512-TjNPblN4BwAWMXU8s9AEz4JmQxnD1NNL7bNOY/AKUzyamc379FWASUhc/K1pL2noVb+XmZKLL68cjzLsiOAMaA=="],

    "quick-lru": ["quick-lru@7.3.0", "", {}, "sha512-k9lSsjl36EJdK7I06v7APZCbyGT2vMTsYSRX1Q2nbYmnkBqgUhRkAuzH08Ciotteu/PLJmIF2+tti7o3C/ts2g=="],

    "retry": ["retry@0.12.0", "", {}, "sha512-9LkiTwjUh6rT555DtE9rTX+BKByPfrMzEAtnlEtdEwr3Nkffwiihqe2bWADg+OQRjt9gl6ICdmB/ZFDCGAtSow=="],

    "signal-exit": ["signal-exit@3.0.7", "", {}, "sha512-wnD2ZE+l+SPC/uoS0vXeE9L1+0wuaMqKlfz9AMUo38JsyLSBWSFcHR1Rri62LZc12vLr1gb3jl7iwQhgwpAbGQ=="],

    "typescript": ["typescript@5.9.3", "", { "bin": { "tsc": "bin/tsc", "tsserver": "bin/tsserver" } }, "sha512-jl1vZzPDinLr9eUt3J/t7V6FgNEw9QjvBPdysz9KfQDD41fQrC2Y4vKQdiaUpFT4bXlb1RHhLpp8wtm6M5TgSw=="],

    "undici-types": ["undici-types@7.16.0", "", {}, "sha512-Zz+aZWSj8LE6zoxD+xrjh4VfkIG8Ya6LvYkZqtUQGJPZjYl53ypCaUwWqo7eI0x66KBGeRo+mlBEkMSeSZ38Nw=="],

    "web-tree-sitter": ["web-tree-sitter@0.25.10", "", { "peerDependencies": { "@types/emscripten": "^1.40.0" }, "optionalPeers": ["@types/emscripten"] }, "sha512-Y09sF44/13XvgVKgO2cNDw5rGk6s26MgoZPXLESvMXeefBf7i6/73eFurre0IsTW6E14Y0ArIzhUMmjoc7xyzA=="],

    "yocto-queue": ["yocto-queue@1.2.2", "", {}, "sha512-4LCcse/U2MHZ63HAJVE+v71o7yOdIe4cZ70Wpf8D/IyjDKYQLV5GD46B+hSTjJsvV5PztjvHoU580EftxjDZFQ=="],

    "zod": ["zod@4.3.6", "", {}, "sha512-rftlrkhHZOcjDwkGlnUtZZkvaPHCsDATp4pGpuOOMDaTdDDXF91wuVDJoWoPsKX/3YPQ5fHuF3STjcYyKr+Qhg=="],

    "@opencode-ai/plugin/zod": ["zod@4.1.8", "", {}, "sha512-5R1P+WwQqmmMIEACyzSvo4JXHY5WiAFHRMg+zBZKgKS+Q1viRa0C1hmUKtHltoIFKtIdki3pRxkmpP74jnNYHQ=="],
  }
}
